
Microsoft Visual Studio Solution File, Format Version 12.00
# Visual Studio Version 17
VisualStudioVersion = 17.5.33424.131
MinimumVisualStudioVersion = 10.0.40219.1
Project("{9A19103F-16F7-4668-BE54-9A1E7A4F7556}") = "LeetCode", "LeetCode\LeetCode.csproj", "{A4FEAA9E-071F-4E94-9235-A3FE47FA2A53}"
EndProject
Project("{FAE04EC0-301F-11D3-BF4B-00C04F79EFBC}") = "LeetCode.Test", "LeetCode.Test\LeetCode.Test.csproj", "{CAD8B1B2-3F6C-403E-A2D5-ADA9FA343AA1}"
EndProject
Global
	GlobalSection(SolutionConfigurationPlatforms) = preSolution
		Debug|Any CPU = Debug|Any CPU
		Release|Any CPU = Release|Any CPU
	EndGlobalSection
	GlobalSection(ProjectConfigurationPlatforms) = postSolution
		{A4FEAA9E-071F-4E94-9235-A3FE47FA2A53}.Debug|Any CPU.ActiveCfg = Debug|Any CPU
		{A4FEAA9E-071F-4E94-9235-A3FE47FA2A53}.Debug|Any CPU.Build.0 = Debug|Any CPU
		{A4FEAA9E-071F-4E94-9235-A3FE47FA2A53}.Release|Any CPU.ActiveCfg = Release|Any CPU
		{A4FEAA9E-071F-4E94-9235-A3FE47FA2A53}.Release|Any CPU.Build.0 = Release|Any CPU
		{CAD8B1B2-3F6C-403E-A2D5-ADA9FA343AA1}.Debug|Any CPU.ActiveCfg = Debug|Any CPU
		{CAD8B1B2-3F6C-403E-A2D5-ADA9FA343AA1}.Debug|Any CPU.Build.0 = Debug|Any CPU
		{CAD8B1B2-3F6C-403E-A2D5-ADA9FA343AA1}.Release|Any CPU.ActiveCfg = Release|Any CPU
		{CAD8B1B2-3F6C-403E-A2D5-ADA9FA343AA1}.Release|Any CPU.Build.0 = Release|Any CPU
	EndGlobalSection
	GlobalSection(SolutionProperties) = preSolution
		HideSolutionNode = FALSE
	EndGlobalSection
	GlobalSection(ExtensibilityGlobals) = postSolution
		SolutionGuid = {18E4A47F-1A35-48AA-BC3F-2EF8BB42CAB4}
	EndGlobalSection
EndGlobal
